
Microsoft Visual Studio Solution File, Format Version 12.00
# Visual Studio Version 17
VisualStudioVersion = 17.5.33627.172
MinimumVisualStudioVersion = 10.0.40219.1
Project("{FAE04EC0-301F-11D3-BF4B-00C04F79EFBC}") = "projekt na ppW", "projekt na ppW\projekt na ppW.csproj", "{9163DC82-4EB8-4CEF-9532-79DA5BCF5BEC}"
EndProject
Global
	GlobalSection(SolutionConfigurationPlatforms) = preSolution
		Debug|Any CPU = Debug|Any CPU
		Release|Any CPU = Release|Any CPU
	EndGlobalSection
	GlobalSection(ProjectConfigurationPlatforms) = postSolution
		{9163DC82-4EB8-4CEF-9532-79DA5BCF5BEC}.Debug|Any CPU.ActiveCfg = Debug|Any CPU
		{9163DC82-4EB8-4CEF-9532-79DA5BCF5BEC}.Debug|Any CPU.Build.0 = Debug|Any CPU
		{9163DC82-4EB8-4CEF-9532-79DA5BCF5BEC}.Release|Any CPU.ActiveCfg = Release|Any CPU
		{9163DC82-4EB8-4CEF-9532-79DA5BCF5BEC}.Release|Any CPU.Build.0 = Release|Any CPU
	EndGlobalSection
	GlobalSection(SolutionProperties) = preSolution
		HideSolutionNode = FALSE
	EndGlobalSection
	GlobalSection(ExtensibilityGlobals) = postSolution
		SolutionGuid = {641DB07A-569F-4270-9797-9C4054C7C4CB}
	EndGlobalSection
EndGlobal
